
Microsoft Visual Studio Solution File, Format Version 12.00
# Visual Studio Version 17
VisualStudioVersion = 17.4.32804.182
MinimumVisualStudioVersion = 10.0.40219.1
Project("{9A19103F-16F7-4668-BE54-9A1E7A4F7556}") = "SeaOfShops", "SeaOfShops\SeaOfShops.csproj", "{DFCFDEB1-5B40-411B-873E-3A1E6B84ECA9}"
EndProject
Project("{FAE04EC0-301F-11D3-BF4B-00C04F79EFBC}") = "SeaOfShops.Domain", "SeaOfShops.Domain\SeaOfShops.Domain.csproj", "{4C0FBC2E-469E-4FCB-9415-5B8CB0A025B9}"
EndProject
Project("{FAE04EC0-301F-11D3-BF4B-00C04F79EFBC}") = "SeaOfShops.Service", "SeaOfShops.Service\SeaOfShops.Service.csproj", "{7A93DA64-CDF0-42D2-8E62-FFEA5E80EADE}"
EndProject
Project("{FAE04EC0-301F-11D3-BF4B-00C04F79EFBC}") = "SeaOfShops.Infrastucture", "SeaOfShops.Infrastucture\SeaOfShops.Infrastucture.csproj", "{7E7F6C14-59BA-43BF-BEAD-234AC283924D}"
EndProject
Global
	GlobalSection(SolutionConfigurationPlatforms) = preSolution
		Debug|Any CPU = Debug|Any CPU
		Release|Any CPU = Release|Any CPU
	EndGlobalSection
	GlobalSection(ProjectConfigurationPlatforms) = postSolution
		{DFCFDEB1-5B40-411B-873E-3A1E6B84ECA9}.Debug|Any CPU.ActiveCfg = Debug|Any CPU
		{DFCFDEB1-5B40-411B-873E-3A1E6B84ECA9}.Debug|Any CPU.Build.0 = Debug|Any CPU
		{DFCFDEB1-5B40-411B-873E-3A1E6B84ECA9}.Release|Any CPU.ActiveCfg = Release|Any CPU
		{DFCFDEB1-5B40-411B-873E-3A1E6B84ECA9}.Release|Any CPU.Build.0 = Release|Any CPU
		{4C0FBC2E-469E-4FCB-9415-5B8CB0A025B9}.Debug|Any CPU.ActiveCfg = Debug|Any CPU
		{4C0FBC2E-469E-4FCB-9415-5B8CB0A025B9}.Debug|Any CPU.Build.0 = Debug|Any CPU
		{4C0FBC2E-469E-4FCB-9415-5B8CB0A025B9}.Release|Any CPU.ActiveCfg = Release|Any CPU
		{4C0FBC2E-469E-4FCB-9415-5B8CB0A025B9}.Release|Any CPU.Build.0 = Release|Any CPU
		{7A93DA64-CDF0-42D2-8E62-FFEA5E80EADE}.Debug|Any CPU.ActiveCfg = Debug|Any CPU
		{7A93DA64-CDF0-42D2-8E62-FFEA5E80EADE}.Debug|Any CPU.Build.0 = Debug|Any CPU
		{7A93DA64-CDF0-42D2-8E62-FFEA5E80EADE}.Release|Any CPU.ActiveCfg = Release|Any CPU
		{7A93DA64-CDF0-42D2-8E62-FFEA5E80EADE}.Release|Any CPU.Build.0 = Release|Any CPU
		{7E7F6C14-59BA-43BF-BEAD-234AC283924D}.Debug|Any CPU.ActiveCfg = Debug|Any CPU
		{7E7F6C14-59BA-43BF-BEAD-234AC283924D}.Debug|Any CPU.Build.0 = Debug|Any CPU
		{7E7F6C14-59BA-43BF-BEAD-234AC283924D}.Release|Any CPU.ActiveCfg = Release|Any CPU
		{7E7F6C14-59BA-43BF-BEAD-234AC283924D}.Release|Any CPU.Build.0 = Release|Any CPU
	EndGlobalSection
	GlobalSection(SolutionProperties) = preSolution
		HideSolutionNode = FALSE
	EndGlobalSection
	GlobalSection(ExtensibilityGlobals) = postSolution
		SolutionGuid = {5802DF2B-4508-428A-9BAB-6E7524C96DA1}
	EndGlobalSection
EndGlobal
